
Microsoft Visual Studio Solution File, Format Version 12.00
# Visual Studio Version 16
VisualStudioVersion = 16.0.30907.101
MinimumVisualStudioVersion = 10.0.40219.1
Project("{9A19103F-16F7-4668-BE54-9A1E7A4F7556}") = "MedievalGame", "MedievalGame.csproj", "{45D5A932-6584-48A1-991C-37CE043EC705}"
	ProjectSection(ProjectDependencies) = postProject
		{DF1F23B5-434A-410F-9FE3-0E5E031AEE50} = {DF1F23B5-434A-410F-9FE3-0E5E031AEE50}
	EndProjectSection
EndProject
Project("{9A19103F-16F7-4668-BE54-9A1E7A4F7556}") = "MedievalLibrary", "..\MedievalLibrary\MedievalLibrary.csproj", "{DF1F23B5-434A-410F-9FE3-0E5E031AEE50}"
EndProject
Project("{FAE04EC0-301F-11D3-BF4B-00C04F79EFBC}") = "UnitTestProject1", "..\UnitTestProject1\UnitTestProject1.csproj", "{3D9ECE49-6231-4C79-97F2-CB527B7ABCD9}"
	ProjectSection(ProjectDependencies) = postProject
		{DF1F23B5-434A-410F-9FE3-0E5E031AEE50} = {DF1F23B5-434A-410F-9FE3-0E5E031AEE50}
	EndProjectSection
EndProject
Global
	GlobalSection(SolutionConfigurationPlatforms) = preSolution
		Debug|Any CPU = Debug|Any CPU
		Debug|ARM = Debug|ARM
		Debug|ARM64 = Debug|ARM64
		Debug|x64 = Debug|x64
		Debug|x86 = Debug|x86
		Release|Any CPU = Release|Any CPU
		Release|ARM = Release|ARM
		Release|ARM64 = Release|ARM64
		Release|x64 = Release|x64
		Release|x86 = Release|x86
	EndGlobalSection
	GlobalSection(ProjectConfigurationPlatforms) = postSolution
		{45D5A932-6584-48A1-991C-37CE043EC705}.Debug|Any CPU.ActiveCfg = Debug|Any CPU
		{45D5A932-6584-48A1-991C-37CE043EC705}.Debug|Any CPU.Build.0 = Debug|Any CPU
		{45D5A932-6584-48A1-991C-37CE043EC705}.Debug|ARM.ActiveCfg = Debug|Any CPU
		{45D5A932-6584-48A1-991C-37CE043EC705}.Debug|ARM.Build.0 = Debug|Any CPU
		{45D5A932-6584-48A1-991C-37CE043EC705}.Debug|ARM64.ActiveCfg = Debug|Any CPU
		{45D5A932-6584-48A1-991C-37CE043EC705}.Debug|ARM64.Build.0 = Debug|Any CPU
		{45D5A932-6584-48A1-991C-37CE043EC705}.Debug|x64.ActiveCfg = Debug|Any CPU
		{45D5A932-6584-48A1-991C-37CE043EC705}.Debug|x64.Build.0 = Debug|Any CPU
		{45D5A932-6584-48A1-991C-37CE043EC705}.Debug|x86.ActiveCfg = Debug|Any CPU
		{45D5A932-6584-48A1-991C-37CE043EC705}.Debug|x86.Build.0 = Debug|Any CPU
		{45D5A932-6584-48A1-991C-37CE043EC705}.Release|Any CPU.ActiveCfg = Release|Any CPU
		{45D5A932-6584-48A1-991C-37CE043EC705}.Release|Any CPU.Build.0 = Release|Any CPU
		{45D5A932-6584-48A1-991C-37CE043EC705}.Release|ARM.ActiveCfg = Release|Any CPU
		{45D5A932-6584-48A1-991C-37CE043EC705}.Release|ARM.Build.0 = Release|Any CPU
		{45D5A932-6584-48A1-991C-37CE043EC705}.Release|ARM64.ActiveCfg = Release|Any CPU
		{45D5A932-6584-48A1-991C-37CE043EC705}.Release|ARM64.Build.0 = Release|Any CPU
		{45D5A932-6584-48A1-991C-37CE043EC705}.Release|x64.ActiveCfg = Release|Any CPU
		{45D5A932-6584-48A1-991C-37CE043EC705}.Release|x64.Build.0 = Release|Any CPU
		{45D5A932-6584-48A1-991C-37CE043EC705}.Release|x86.ActiveCfg = Release|Any CPU
		{45D5A932-6584-48A1-991C-37CE043EC705}.Release|x86.Build.0 = Release|Any CPU
		{DF1F23B5-434A-410F-9FE3-0E5E031AEE50}.Debug|Any CPU.ActiveCfg = Debug|Any CPU
		{DF1F23B5-434A-410F-9FE3-0E5E031AEE50}.Debug|Any CPU.Build.0 = Debug|Any CPU
		{DF1F23B5-434A-410F-9FE3-0E5E031AEE50}.Debug|ARM.ActiveCfg = Debug|Any CPU
		{DF1F23B5-434A-410F-9FE3-0E5E031AEE50}.Debug|ARM.Build.0 = Debug|Any CPU
		{DF1F23B5-434A-410F-9FE3-0E5E031AEE50}.Debug|ARM64.ActiveCfg = Debug|Any CPU
		{DF1F23B5-434A-410F-9FE3-0E5E031AEE50}.Debug|ARM64.Build.0 = Debug|Any CPU
		{DF1F23B5-434A-410F-9FE3-0E5E031AEE50}.Debug|x64.ActiveCfg = Debug|Any CPU
		{DF1F23B5-434A-410F-9FE3-0E5E031AEE50}.Debug|x64.Build.0 = Debug|Any CPU
		{DF1F23B5-434A-410F-9FE3-0E5E031AEE50}.Debug|x86.ActiveCfg = Debug|Any CPU
		{DF1F23B5-434A-410F-9FE3-0E5E031AEE50}.Debug|x86.Build.0 = Debug|Any CPU
		{DF1F23B5-434A-410F-9FE3-0E5E031AEE50}.Release|Any CPU.ActiveCfg = Release|Any CPU
		{DF1F23B5-434A-410F-9FE3-0E5E031AEE50}.Release|Any CPU.Build.0 = Release|Any CPU
		{DF1F23B5-434A-410F-9FE3-0E5E031AEE50}.Release|ARM.ActiveCfg = Release|Any CPU
		{DF1F23B5-434A-410F-9FE3-0E5E031AEE50}.Release|ARM.Build.0 = Release|Any CPU
		{DF1F23B5-434A-410F-9FE3-0E5E031AEE50}.Release|ARM64.ActiveCfg = Release|Any CPU
		{DF1F23B5-434A-410F-9FE3-0E5E031AEE50}.Release|ARM64.Build.0 = Release|Any CPU
		{DF1F23B5-434A-410F-9FE3-0E5E031AEE50}.Release|x64.ActiveCfg = Release|Any CPU
		{DF1F23B5-434A-410F-9FE3-0E5E031AEE50}.Release|x64.Build.0 = Release|Any CPU
		{DF1F23B5-434A-410F-9FE3-0E5E031AEE50}.Release|x86.ActiveCfg = Release|Any CPU
		{DF1F23B5-434A-410F-9FE3-0E5E031AEE50}.Release|x86.Build.0 = Release|Any CPU
		{3D9ECE49-6231-4C79-97F2-CB527B7ABCD9}.Debug|Any CPU.ActiveCfg = Debug|Any CPU
		{3D9ECE49-6231-4C79-97F2-CB527B7ABCD9}.Debug|Any CPU.Build.0 = Debug|Any CPU
		{3D9ECE49-6231-4C79-97F2-CB527B7ABCD9}.Debug|ARM.ActiveCfg = Debug|Any CPU
		{3D9ECE49-6231-4C79-97F2-CB527B7ABCD9}.Debug|ARM.Build.0 = Debug|Any CPU
		{3D9ECE49-6231-4C79-97F2-CB527B7ABCD9}.Debug|ARM64.ActiveCfg = Debug|Any CPU
		{3D9ECE49-6231-4C79-97F2-CB527B7ABCD9}.Debug|ARM64.Build.0 = Debug|Any CPU
		{3D9ECE49-6231-4C79-97F2-CB527B7ABCD9}.Debug|x64.ActiveCfg = Debug|Any CPU
		{3D9ECE49-6231-4C79-97F2-CB527B7ABCD9}.Debug|x64.Build.0 = Debug|Any CPU
		{3D9ECE49-6231-4C79-97F2-CB527B7ABCD9}.Debug|x86.ActiveCfg = Debug|Any CPU
		{3D9ECE49-6231-4C79-97F2-CB527B7ABCD9}.Debug|x86.Build.0 = Debug|Any CPU
		{3D9ECE49-6231-4C79-97F2-CB527B7ABCD9}.Release|Any CPU.ActiveCfg = Release|Any CPU
		{3D9ECE49-6231-4C79-97F2-CB527B7ABCD9}.Release|Any CPU.Build.0 = Release|Any CPU
		{3D9ECE49-6231-4C79-97F2-CB527B7ABCD9}.Release|ARM.ActiveCfg = Release|Any CPU
		{3D9ECE49-6231-4C79-97F2-CB527B7ABCD9}.Release|ARM.Build.0 = Release|Any CPU
		{3D9ECE49-6231-4C79-97F2-CB527B7ABCD9}.Release|ARM64.ActiveCfg = Release|Any CPU
		{3D9ECE49-6231-4C79-97F2-CB527B7ABCD9}.Release|ARM64.Build.0 = Release|Any CPU
		{3D9ECE49-6231-4C79-97F2-CB527B7ABCD9}.Release|x64.ActiveCfg = Release|Any CPU
		{3D9ECE49-6231-4C79-97F2-CB527B7ABCD9}.Release|x64.Build.0 = Release|Any CPU
		{3D9ECE49-6231-4C79-97F2-CB527B7ABCD9}.Release|x86.ActiveCfg = Release|Any CPU
		{3D9ECE49-6231-4C79-97F2-CB527B7ABCD9}.Release|x86.Build.0 = Release|Any CPU
	EndGlobalSection
	GlobalSection(SolutionProperties) = preSolution
		HideSolutionNode = FALSE
	EndGlobalSection
	GlobalSection(ExtensibilityGlobals) = postSolution
		SolutionGuid = {62F5ADB9-7B91-4B91-9781-B4C50B4BF959}
	EndGlobalSection
EndGlobal
